// !$*UTF8*$!
{
	archiveVersion = 1;
	classes = {
	};
	objectVersion = 48;
	objects = {

/* Begin PBXBuildFile section */
		7320F0CC1FBC294800C34BAD /* YYNavigationController.m in Sources */ = {isa = PBXBuildFile; fileRef = 7320F0CB1FBC294800C34BAD /* YYNavigationController.m */; };
		7320F0CF1FBC295E00C34BAD /* YYTabBarController.m in Sources */ = {isa = PBXBuildFile; fileRef = 7320F0CE1FBC295E00C34BAD /* YYTabBarController.m */; };
		7320F0D21FBC298400C34BAD /* YYTabBar.m in Sources */ = {isa = PBXBuildFile; fileRef = 7320F0D11FBC298400C34BAD /* YYTabBar.m */; };
		7320F0D61FBC2FA600C34BAD /* YYHomeViewController.m in Sources */ = {isa = PBXBuildFile; fileRef = 7320F0D51FBC2FA600C34BAD /* YYHomeViewController.m */; };
		7320F0E11FBD3FAF00C34BAD /* YYMineViewController.m in Sources */ = {isa = PBXBuildFile; fileRef = 7320F0E01FBD3FAF00C34BAD /* YYMineViewController.m */; };
		7320F0EB1FBD453300C34BAD /* NSObject+Runtime.m in Sources */ = {isa = PBXBuildFile; fileRef = 7320F0E51FBD453300C34BAD /* NSObject+Runtime.m */; };
		7320F0EC1FBD453300C34BAD /* UIView+CornerRadius.m in Sources */ = {isa = PBXBuildFile; fileRef = 7320F0E81FBD453300C34BAD /* UIView+CornerRadius.m */; };
		7320F0ED1FBD453300C34BAD /* UIView+Frame.m in Sources */ = {isa = PBXBuildFile; fileRef = 7320F0EA1FBD453300C34BAD /* UIView+Frame.m */; };
		7357AB881FBC1D4C00CC7994 /* AppDelegate.m in Sources */ = {isa = PBXBuildFile; fileRef = 7357AB871FBC1D4C00CC7994 /* AppDelegate.m */; };
		7357AB8B1FBC1D4C00CC7994 /* ViewController.m in Sources */ = {isa = PBXBuildFile; fileRef = 7357AB8A1FBC1D4C00CC7994 /* ViewController.m */; };
		7357AB901FBC1D4C00CC7994 /* Assets.xcassets in Resources */ = {isa = PBXBuildFile; fileRef = 7357AB8F1FBC1D4C00CC7994 /* Assets.xcassets */; };
		7357AB931FBC1D4C00CC7994 /* LaunchScreen.storyboard in Resources */ = {isa = PBXBuildFile; fileRef = 7357AB911FBC1D4C00CC7994 /* LaunchScreen.storyboard */; };
		7357AB961FBC1D4C00CC7994 /* main.m in Sources */ = {isa = PBXBuildFile; fileRef = 7357AB951FBC1D4C00CC7994 /* main.m */; };
		7357ABA01FBC1D4C00CC7994 /* YYTemplateProgramTests.m in Sources */ = {isa = PBXBuildFile; fileRef = 7357AB9F1FBC1D4C00CC7994 /* YYTemplateProgramTests.m */; };
		7357ABAB1FBC1D4C00CC7994 /* YYTemplateProgramUITests.m in Sources */ = {isa = PBXBuildFile; fileRef = 7357ABAA1FBC1D4C00CC7994 /* YYTemplateProgramUITests.m */; };
		7357ABC11FBC207100CC7994 /* BaseViewController.m in Sources */ = {isa = PBXBuildFile; fileRef = 7357ABC01FBC207100CC7994 /* BaseViewController.m */; };
		7357ABC41FBC209300CC7994 /* BaseModel.m in Sources */ = {isa = PBXBuildFile; fileRef = 7357ABC31FBC209300CC7994 /* BaseModel.m */; };
		7357ABCA1FBC21D700CC7994 /* NotificationNames.m in Sources */ = {isa = PBXBuildFile; fileRef = 7357ABC91FBC21D700CC7994 /* NotificationNames.m */; };
		AD0C9B01653367B861BB8400 /* libPods-YYTemplateProgram.a in Frameworks */ = {isa = PBXBuildFile; fileRef = D7DCFFA70A6A5048AEE1B17F /* libPods-YYTemplateProgram.a */; };
/* End PBXBuildFile section */

/* Begin PBXContainerItemProxy section */
		7357AB9C1FBC1D4C00CC7994 /* PBXContainerItemProxy */ = {
			isa = PBXContainerItemProxy;
			containerPortal = 7357AB7B1FBC1D4B00CC7994 /* Project object */;
			proxyType = 1;
			remoteGlobalIDString = 7357AB821FBC1D4C00CC7994;
			remoteInfo = YYTemplateProgram;
		};
		7357ABA71FBC1D4C00CC7994 /* PBXContainerItemProxy */ = {
			isa = PBXContainerItemProxy;
			containerPortal = 7357AB7B1FBC1D4B00CC7994 /* Project object */;
			proxyType = 1;
			remoteGlobalIDString = 7357AB821FBC1D4C00CC7994;
			remoteInfo = YYTemplateProgram;
		};
/* End PBXContainerItemProxy section */

/* Begin PBXFileReference section */
		6F184E667C607AA953F26CCA /* Pods-YYTemplateProgram.release.xcconfig */ = {isa = PBXFileReference; includeInIndex = 1; lastKnownFileType = text.xcconfig; name = "Pods-YYTemplateProgram.release.xcconfig"; path = "Pods/Target Support Files/Pods-YYTemplateProgram/Pods-YYTemplateProgram.release.xcconfig"; sourceTree = "<group>"; };
		7320F0CA1FBC294800C34BAD /* YYNavigationController.h */ = {isa = PBXFileReference; lastKnownFileType = sourcecode.c.h; path = YYNavigationController.h; sourceTree = "<group>"; };
		7320F0CB1FBC294800C34BAD /* YYNavigationController.m */ = {isa = PBXFileReference; lastKnownFileType = sourcecode.c.objc; path = YYNavigationController.m; sourceTree = "<group>"; };
		7320F0CD1FBC295E00C34BAD /* YYTabBarController.h */ = {isa = PBXFileReference; lastKnownFileType = sourcecode.c.h; path = YYTabBarController.h; sourceTree = "<group>"; };
		7320F0CE1FBC295E00C34BAD /* YYTabBarController.m */ = {isa = PBXFileReference; lastKnownFileType = sourcecode.c.objc; path = YYTabBarController.m; sourceTree = "<group>"; };
		7320F0D01FBC298400C34BAD /* YYTabBar.h */ = {isa = PBXFileReference; lastKnownFileType = sourcecode.c.h; path = YYTabBar.h; sourceTree = "<group>"; };
		7320F0D11FBC298400C34BAD /* YYTabBar.m */ = {isa = PBXFileReference; lastKnownFileType = sourcecode.c.objc; path = YYTabBar.m; sourceTree = "<group>"; };
		7320F0D41FBC2FA600C34BAD /* YYHomeViewController.h */ = {isa = PBXFileReference; lastKnownFileType = sourcecode.c.h; path = YYHomeViewController.h; sourceTree = "<group>"; };
		7320F0D51FBC2FA600C34BAD /* YYHomeViewController.m */ = {isa = PBXFileReference; lastKnownFileType = sourcecode.c.objc; path = YYHomeViewController.m; sourceTree = "<group>"; };
		7320F0DF1FBD3FAF00C34BAD /* YYMineViewController.h */ = {isa = PBXFileReference; lastKnownFileType = sourcecode.c.h; path = YYMineViewController.h; sourceTree = "<group>"; };
		7320F0E01FBD3FAF00C34BAD /* YYMineViewController.m */ = {isa = PBXFileReference; lastKnownFileType = sourcecode.c.objc; path = YYMineViewController.m; sourceTree = "<group>"; };
		7320F0E21FBD430A00C34BAD /* YYTemplateProgram.pch */ = {isa = PBXFileReference; fileEncoding = 4; lastKnownFileType = sourcecode.c.h; path = YYTemplateProgram.pch; sourceTree = "<group>"; };
		7320F0E41FBD453300C34BAD /* NSObject+Runtime.h */ = {isa = PBXFileReference; fileEncoding = 4; lastKnownFileType = sourcecode.c.h; path = "NSObject+Runtime.h"; sourceTree = "<group>"; };
		7320F0E51FBD453300C34BAD /* NSObject+Runtime.m */ = {isa = PBXFileReference; fileEncoding = 4; lastKnownFileType = sourcecode.c.objc; path = "NSObject+Runtime.m"; sourceTree = "<group>"; };
		7320F0E71FBD453300C34BAD /* UIView+CornerRadius.h */ = {isa = PBXFileReference; fileEncoding = 4; lastKnownFileType = sourcecode.c.h; path = "UIView+CornerRadius.h"; sourceTree = "<group>"; };
		7320F0E81FBD453300C34BAD /* UIView+CornerRadius.m */ = {isa = PBXFileReference; fileEncoding = 4; lastKnownFileType = sourcecode.c.objc; path = "UIView+CornerRadius.m"; sourceTree = "<group>"; };
		7320F0E91FBD453300C34BAD /* UIView+Frame.h */ = {isa = PBXFileReference; fileEncoding = 4; lastKnownFileType = sourcecode.c.h; path = "UIView+Frame.h"; sourceTree = "<group>"; };
		7320F0EA1FBD453300C34BAD /* UIView+Frame.m */ = {isa = PBXFileReference; fileEncoding = 4; lastKnownFileType = sourcecode.c.objc; path = "UIView+Frame.m"; sourceTree = "<group>"; };
		7357AB831FBC1D4C00CC7994 /* YYTemplateProgram.app */ = {isa = PBXFileReference; explicitFileType = wrapper.application; includeInIndex = 0; path = YYTemplateProgram.app; sourceTree = BUILT_PRODUCTS_DIR; };
		7357AB861FBC1D4C00CC7994 /* AppDelegate.h */ = {isa = PBXFileReference; lastKnownFileType = sourcecode.c.h; path = AppDelegate.h; sourceTree = "<group>"; };
		7357AB871FBC1D4C00CC7994 /* AppDelegate.m */ = {isa = PBXFileReference; lastKnownFileType = sourcecode.c.objc; path = AppDelegate.m; sourceTree = "<group>"; };
		7357AB891FBC1D4C00CC7994 /* ViewController.h */ = {isa = PBXFileReference; lastKnownFileType = sourcecode.c.h; path = ViewController.h; sourceTree = "<group>"; };
		7357AB8A1FBC1D4C00CC7994 /* ViewController.m */ = {isa = PBXFileReference; lastKnownFileType = sourcecode.c.objc; path = ViewController.m; sourceTree = "<group>"; };
		7357AB8F1FBC1D4C00CC7994 /* Assets.xcassets */ = {isa = PBXFileReference; lastKnownFileType = folder.assetcatalog; path = Assets.xcassets; sourceTree = "<group>"; };
		7357AB921FBC1D4C00CC7994 /* Base */ = {isa = PBXFileReference; lastKnownFileType = file.storyboard; name = Base; path = Base.lproj/LaunchScreen.storyboard; sourceTree = "<group>"; };
		7357AB941FBC1D4C00CC7994 /* Info.plist */ = {isa = PBXFileReference; lastKnownFileType = text.plist.xml; path = Info.plist; sourceTree = "<group>"; };
		7357AB951FBC1D4C00CC7994 /* main.m */ = {isa = PBXFileReference; lastKnownFileType = sourcecode.c.objc; path = main.m; sourceTree = "<group>"; };
		7357AB9B1FBC1D4C00CC7994 /* YYTemplateProgramTests.xctest */ = {isa = PBXFileReference; explicitFileType = wrapper.cfbundle; includeInIndex = 0; path = YYTemplateProgramTests.xctest; sourceTree = BUILT_PRODUCTS_DIR; };
		7357AB9F1FBC1D4C00CC7994 /* YYTemplateProgramTests.m */ = {isa = PBXFileReference; lastKnownFileType = sourcecode.c.objc; path = YYTemplateProgramTests.m; sourceTree = "<group>"; };
		7357ABA11FBC1D4C00CC7994 /* Info.plist */ = {isa = PBXFileReference; lastKnownFileType = text.plist.xml; path = Info.plist; sourceTree = "<group>"; };
		7357ABA61FBC1D4C00CC7994 /* YYTemplateProgramUITests.xctest */ = {isa = PBXFileReference; explicitFileType = wrapper.cfbundle; includeInIndex = 0; path = YYTemplateProgramUITests.xctest; sourceTree = BUILT_PRODUCTS_DIR; };
		7357ABAA1FBC1D4C00CC7994 /* YYTemplateProgramUITests.m */ = {isa = PBXFileReference; lastKnownFileType = sourcecode.c.objc; path = YYTemplateProgramUITests.m; sourceTree = "<group>"; };
		7357ABAC1FBC1D4C00CC7994 /* Info.plist */ = {isa = PBXFileReference; lastKnownFileType = text.plist.xml; path = Info.plist; sourceTree = "<group>"; };
		7357ABBF1FBC207100CC7994 /* BaseViewController.h */ = {isa = PBXFileReference; lastKnownFileType = sourcecode.c.h; path = BaseViewController.h; sourceTree = "<group>"; };
		7357ABC01FBC207100CC7994 /* BaseViewController.m */ = {isa = PBXFileReference; lastKnownFileType = sourcecode.c.objc; path = BaseViewController.m; sourceTree = "<group>"; };
		7357ABC21FBC209300CC7994 /* BaseModel.h */ = {isa = PBXFileReference; lastKnownFileType = sourcecode.c.h; path = BaseModel.h; sourceTree = "<group>"; };
		7357ABC31FBC209300CC7994 /* BaseModel.m */ = {isa = PBXFileReference; lastKnownFileType = sourcecode.c.objc; path = BaseModel.m; sourceTree = "<group>"; };
		7357ABC61FBC213B00CC7994 /* define.h */ = {isa = PBXFileReference; lastKnownFileType = sourcecode.c.h; path = define.h; sourceTree = "<group>"; };
		7357ABC71FBC21AA00CC7994 /* SQL.h */ = {isa = PBXFileReference; lastKnownFileType = sourcecode.c.h; path = SQL.h; sourceTree = "<group>"; };
		7357ABC81FBC21D700CC7994 /* NotificationNames.h */ = {isa = PBXFileReference; lastKnownFileType = sourcecode.c.h; path = NotificationNames.h; sourceTree = "<group>"; };
		7357ABC91FBC21D700CC7994 /* NotificationNames.m */ = {isa = PBXFileReference; lastKnownFileType = sourcecode.c.objc; path = NotificationNames.m; sourceTree = "<group>"; };
		CC48BD59C20F62DD655A1D3F /* Pods-YYTemplateProgram.debug.xcconfig */ = {isa = PBXFileReference; includeInIndex = 1; lastKnownFileType = text.xcconfig; name = "Pods-YYTemplateProgram.debug.xcconfig"; path = "Pods/Target Support Files/Pods-YYTemplateProgram/Pods-YYTemplateProgram.debug.xcconfig"; sourceTree = "<group>"; };
		D7DCFFA70A6A5048AEE1B17F /* libPods-YYTemplateProgram.a */ = {isa = PBXFileReference; explicitFileType = archive.ar; includeInIndex = 0; path = "libPods-YYTemplateProgram.a"; sourceTree = BUILT_PRODUCTS_DIR; };
/* End PBXFileReference section */

/* Begin PBXFrameworksBuildPhase section */
		7357AB801FBC1D4C00CC7994 /* Frameworks */ = {
			isa = PBXFrameworksBuildPhase;
			buildActionMask = 2147483647;
			files = (
				AD0C9B01653367B861BB8400 /* libPods-YYTemplateProgram.a in Frameworks */,
			);
			runOnlyForDeploymentPostprocessing = 0;
		};
		7357AB981FBC1D4C00CC7994 /* Frameworks */ = {
			isa = PBXFrameworksBuildPhase;
			buildActionMask = 2147483647;
			files = (
			);
			runOnlyForDeploymentPostprocessing = 0;
		};
		7357ABA31FBC1D4C00CC7994 /* Frameworks */ = {
			isa = PBXFrameworksBuildPhase;
			buildActionMask = 2147483647;
			files = (
			);
			runOnlyForDeploymentPostprocessing = 0;
		};
/* End PBXFrameworksBuildPhase section */

/* Begin PBXGroup section */
		1D2718564C559A7757ED6A3D /* Frameworks */ = {
			isa = PBXGroup;
			children = (
				D7DCFFA70A6A5048AEE1B17F /* libPods-YYTemplateProgram.a */,
			);
			name = Frameworks;
			sourceTree = "<group>";
		};
		5B47E77112F0ACC871B1A918 /* Pods */ = {
			isa = PBXGroup;
			children = (
				CC48BD59C20F62DD655A1D3F /* Pods-YYTemplateProgram.debug.xcconfig */,
				6F184E667C607AA953F26CCA /* Pods-YYTemplateProgram.release.xcconfig */,
			);
			name = Pods;
			sourceTree = "<group>";
		};
		7320F0C81FBC28F400C34BAD /* Navigation */ = {
			isa = PBXGroup;
			children = (
				7320F0CA1FBC294800C34BAD /* YYNavigationController.h */,
				7320F0CB1FBC294800C34BAD /* YYNavigationController.m */,
			);
			path = Navigation;
			sourceTree = "<group>";
		};
		7320F0C91FBC291300C34BAD /* TabBar */ = {
			isa = PBXGroup;
			children = (
				7320F0CD1FBC295E00C34BAD /* YYTabBarController.h */,
				7320F0CE1FBC295E00C34BAD /* YYTabBarController.m */,
				7320F0D01FBC298400C34BAD /* YYTabBar.h */,
				7320F0D11FBC298400C34BAD /* YYTabBar.m */,
			);
			path = TabBar;
			sourceTree = "<group>";
		};
		7320F0D31FBC2F9100C34BAD /* Home */ = {
			isa = PBXGroup;
			children = (
				7320F0D41FBC2FA600C34BAD /* YYHomeViewController.h */,
				7320F0D51FBC2FA600C34BAD /* YYHomeViewController.m */,
				7320F0D91FBD3F2C00C34BAD /* ViewModel */,
				7320F0DB1FBD3F4B00C34BAD /* View */,
			);
			path = Home;
			sourceTree = "<group>";
		};
		7320F0D81FBD3DE500C34BAD /* Mine */ = {
			isa = PBXGroup;
			children = (
				7320F0DF1FBD3FAF00C34BAD /* YYMineViewController.h */,
				7320F0E01FBD3FAF00C34BAD /* YYMineViewController.m */,
				7320F0DD1FBD3F5D00C34BAD /* ViewModel */,
				7320F0DC1FBD3F5700C34BAD /* View */,
			);
			path = Mine;
			sourceTree = "<group>";
		};
		7320F0D91FBD3F2C00C34BAD /* ViewModel */ = {
			isa = PBXGroup;
			children = (
			);
			path = ViewModel;
			sourceTree = "<group>";
		};
		7320F0DB1FBD3F4B00C34BAD /* View */ = {
			isa = PBXGroup;
			children = (
			);
			path = View;
			sourceTree = "<group>";
		};
		7320F0DC1FBD3F5700C34BAD /* View */ = {
			isa = PBXGroup;
			children = (
			);
			path = View;
			sourceTree = "<group>";
		};
		7320F0DD1FBD3F5D00C34BAD /* ViewModel */ = {
			isa = PBXGroup;
			children = (
			);
			path = ViewModel;
			sourceTree = "<group>";
		};
		7320F0E31FBD453300C34BAD /* NSObject */ = {
			isa = PBXGroup;
			children = (
				7320F0E41FBD453300C34BAD /* NSObject+Runtime.h */,
				7320F0E51FBD453300C34BAD /* NSObject+Runtime.m */,
			);
			path = NSObject;
			sourceTree = "<group>";
		};
		7320F0E61FBD453300C34BAD /* View */ = {
			isa = PBXGroup;
			children = (
				7320F0E71FBD453300C34BAD /* UIView+CornerRadius.h */,
				7320F0E81FBD453300C34BAD /* UIView+CornerRadius.m */,
				7320F0E91FBD453300C34BAD /* UIView+Frame.h */,
				7320F0EA1FBD453300C34BAD /* UIView+Frame.m */,
			);
			path = View;
			sourceTree = "<group>";
		};
		7320F0EE1FBD798900C34BAD /* Network */ = {
			isa = PBXGroup;
			children = (
			);
			path = Network;
			sourceTree = "<group>";
		};
		7357AB7A1FBC1D4B00CC7994 = {
			isa = PBXGroup;
			children = (
				7357AB851FBC1D4C00CC7994 /* YYTemplateProgram */,
				7357AB9E1FBC1D4C00CC7994 /* YYTemplateProgramTests */,
				7357ABA91FBC1D4C00CC7994 /* YYTemplateProgramUITests */,
				7357AB841FBC1D4C00CC7994 /* Products */,
				5B47E77112F0ACC871B1A918 /* Pods */,
				1D2718564C559A7757ED6A3D /* Frameworks */,
			);
			sourceTree = "<group>";
		};
		7357AB841FBC1D4C00CC7994 /* Products */ = {
			isa = PBXGroup;
			children = (
				7357AB831FBC1D4C00CC7994 /* YYTemplateProgram.app */,
				7357AB9B1FBC1D4C00CC7994 /* YYTemplateProgramTests.xctest */,
				7357ABA61FBC1D4C00CC7994 /* YYTemplateProgramUITests.xctest */,
			);
			name = Products;
			sourceTree = "<group>";
		};
		7357AB851FBC1D4C00CC7994 /* YYTemplateProgram */ = {
			isa = PBXGroup;
			children = (
				7357ABCC1FBC22EE00CC7994 /* Custom */,
				7357ABBD1FBC1FD600CC7994 /* Main */,
				7357ABBC1FBC1F8800CC7994 /* Module */,
				7357ABBB1FBC1F6200CC7994 /* Base */,
				7357ABBA1FBC1F4200CC7994 /* Config */,
				7357ABB81FBC1F0B00CC7994 /* Category */,
				7357AB861FBC1D4C00CC7994 /* AppDelegate.h */,
				7357AB871FBC1D4C00CC7994 /* AppDelegate.m */,
				7357AB891FBC1D4C00CC7994 /* ViewController.h */,
				7357AB8A1FBC1D4C00CC7994 /* ViewController.m */,
				7357AB8F1FBC1D4C00CC7994 /* Assets.xcassets */,
				7357AB911FBC1D4C00CC7994 /* LaunchScreen.storyboard */,
				7357AB941FBC1D4C00CC7994 /* Info.plist */,
				7357AB951FBC1D4C00CC7994 /* main.m */,
			);
			path = YYTemplateProgram;
			sourceTree = "<group>";
		};
		7357AB9E1FBC1D4C00CC7994 /* YYTemplateProgramTests */ = {
			isa = PBXGroup;
			children = (
				7357AB9F1FBC1D4C00CC7994 /* YYTemplateProgramTests.m */,
				7357ABA11FBC1D4C00CC7994 /* Info.plist */,
			);
			path = YYTemplateProgramTests;
			sourceTree = "<group>";
		};
		7357ABA91FBC1D4C00CC7994 /* YYTemplateProgramUITests */ = {
			isa = PBXGroup;
			children = (
				7357ABAA1FBC1D4C00CC7994 /* YYTemplateProgramUITests.m */,
				7357ABAC1FBC1D4C00CC7994 /* Info.plist */,
			);
			path = YYTemplateProgramUITests;
			sourceTree = "<group>";
		};
		7357ABB81FBC1F0B00CC7994 /* Category */ = {
			isa = PBXGroup;
			children = (
				7320F0E31FBD453300C34BAD /* NSObject */,
				7320F0E61FBD453300C34BAD /* View */,
			);
			path = Category;
			sourceTree = "<group>";
		};
		7357ABBA1FBC1F4200CC7994 /* Config */ = {
			isa = PBXGroup;
			children = (
				7320F0E21FBD430A00C34BAD /* YYTemplateProgram.pch */,
				7357ABC61FBC213B00CC7994 /* define.h */,
				7357ABC71FBC21AA00CC7994 /* SQL.h */,
				7357ABC81FBC21D700CC7994 /* NotificationNames.h */,
				7357ABC91FBC21D700CC7994 /* NotificationNames.m */,
			);
			path = Config;
			sourceTree = "<group>";
		};
		7357ABBB1FBC1F6200CC7994 /* Base */ = {
			isa = PBXGroup;
			children = (
				7357ABBF1FBC207100CC7994 /* BaseViewController.h */,
				7357ABC01FBC207100CC7994 /* BaseViewController.m */,
				7357ABC21FBC209300CC7994 /* BaseModel.h */,
				7357ABC31FBC209300CC7994 /* BaseModel.m */,
			);
			path = Base;
			sourceTree = "<group>";
		};
		7357ABBC1FBC1F8800CC7994 /* Module */ = {
			isa = PBXGroup;
			children = (
				7320F0D31FBC2F9100C34BAD /* Home */,
				7320F0D81FBD3DE500C34BAD /* Mine */,
			);
			path = Module;
			sourceTree = "<group>";
		};
		7357ABBD1FBC1FD600CC7994 /* Main */ = {
			isa = PBXGroup;
			children = (
				7320F0C81FBC28F400C34BAD /* Navigation */,
				7320F0C91FBC291300C34BAD /* TabBar */,
				7357ABC51FBC20B700CC7994 /* Model */,
				7320F0EE1FBD798900C34BAD /* Network */,
			);
			path = Main;
			sourceTree = "<group>";
		};
		7357ABC51FBC20B700CC7994 /* Model */ = {
			isa = PBXGroup;
			children = (
			);
			path = Model;
			sourceTree = "<group>";
		};
		7357ABCC1FBC22EE00CC7994 /* Custom */ = {
			isa = PBXGroup;
			children = (
			);
			path = Custom;
			sourceTree = "<group>";
		};
/* End PBXGroup section */

/* Begin PBXNativeTarget section */
		7357AB821FBC1D4C00CC7994 /* YYTemplateProgram */ = {
			isa = PBXNativeTarget;
			buildConfigurationList = 7357ABAF1FBC1D4C00CC7994 /* Build configuration list for PBXNativeTarget "YYTemplateProgram" */;
			buildPhases = (
				DA6B3372F6C17D026CF75C22 /* [CP] Check Pods Manifest.lock */,
				7357AB7F1FBC1D4C00CC7994 /* Sources */,
				7357AB801FBC1D4C00CC7994 /* Frameworks */,
				7357AB811FBC1D4C00CC7994 /* Resources */,
				05851E81A76564450748D211 /* [CP] Embed Pods Frameworks */,
				7C94D4EA52E5BF99B1730244 /* [CP] Copy Pods Resources */,
			);
			buildRules = (
			);
			dependencies = (
			);
			name = YYTemplateProgram;
			productName = YYTemplateProgram;
			productReference = 7357AB831FBC1D4C00CC7994 /* YYTemplateProgram.app */;
			productType = "com.apple.product-type.application";
		};
		7357AB9A1FBC1D4C00CC7994 /* YYTemplateProgramTests */ = {
			isa = PBXNativeTarget;
			buildConfigurationList = 7357ABB21FBC1D4C00CC7994 /* Build configuration list for PBXNativeTarget "YYTemplateProgramTests" */;
			buildPhases = (
				7357AB971FBC1D4C00CC7994 /* Sources */,
				7357AB981FBC1D4C00CC7994 /* Frameworks */,
				7357AB991FBC1D4C00CC7994 /* Resources */,
			);
			buildRules = (
			);
			dependencies = (
				7357AB9D1FBC1D4C00CC7994 /* PBXTargetDependency */,
			);
			name = YYTemplateProgramTests;
			productName = YYTemplateProgramTests;
			productReference = 7357AB9B1FBC1D4C00CC7994 /* YYTemplateProgramTests.xctest */;
			productType = "com.apple.product-type.bundle.unit-test";
		};
		7357ABA51FBC1D4C00CC7994 /* YYTemplateProgramUITests */ = {
			isa = PBXNativeTarget;
			buildConfigurationList = 7357ABB51FBC1D4C00CC7994 /* Build configuration list for PBXNativeTarget "YYTemplateProgramUITests" */;
			buildPhases = (
				7357ABA21FBC1D4C00CC7994 /* Sources */,
				7357ABA31FBC1D4C00CC7994 /* Frameworks */,
				7357ABA41FBC1D4C00CC7994 /* Resources */,
			);
			buildRules = (
			);
			dependencies = (
				7357ABA81FBC1D4C00CC7994 /* PBXTargetDependency */,
			);
			name = YYTemplateProgramUITests;
			productName = YYTemplateProgramUITests;
			productReference = 7357ABA61FBC1D4C00CC7994 /* YYTemplateProgramUITests.xctest */;
			productType = "com.apple.product-type.bundle.ui-testing";
		};
/* End PBXNativeTarget section */

/* Begin PBXProject section */
		7357AB7B1FBC1D4B00CC7994 /* Project object */ = {
			isa = PBXProject;
			attributes = {
				CLASSPREFIX = YY;
				LastUpgradeCheck = 0910;
				ORGANIZATIONNAME = MoMo;
				TargetAttributes = {
					7357AB821FBC1D4C00CC7994 = {
						CreatedOnToolsVersion = 9.1;
						ProvisioningStyle = Automatic;
					};
					7357AB9A1FBC1D4C00CC7994 = {
						CreatedOnToolsVersion = 9.1;
						ProvisioningStyle = Automatic;
						TestTargetID = 7357AB821FBC1D4C00CC7994;
					};
					7357ABA51FBC1D4C00CC7994 = {
						CreatedOnToolsVersion = 9.1;
						ProvisioningStyle = Automatic;
						TestTargetID = 7357AB821FBC1D4C00CC7994;
					};
				};
			};
			buildConfigurationList = 7357AB7E1FBC1D4B00CC7994 /* Build configuration list for PBXProject "YYTemplateProgram" */;
			compatibilityVersion = "Xcode 8.0";
			developmentRegion = en;
			hasScannedForEncodings = 0;
			knownRegions = (
				en,
				Base,
			);
			mainGroup = 7357AB7A1FBC1D4B00CC7994;
			productRefGroup = 7357AB841FBC1D4C00CC7994 /* Products */;
			projectDirPath = "";
			projectRoot = "";
			targets = (
				7357AB821FBC1D4C00CC7994 /* YYTemplateProgram */,
				7357AB9A1FBC1D4C00CC7994 /* YYTemplateProgramTests */,
				7357ABA51FBC1D4C00CC7994 /* YYTemplateProgramUITests */,
			);
		};
/* End PBXProject section */

/* Begin PBXResourcesBuildPhase section */
		7357AB811FBC1D4C00CC7994 /* Resources */ = {
			isa = PBXResourcesBuildPhase;
			buildActionMask = 2147483647;
			files = (
				7357AB931FBC1D4C00CC7994 /* LaunchScreen.storyboard in Resources */,
				7357AB901FBC1D4C00CC7994 /* Assets.xcassets in Resources */,
			);
			runOnlyForDeploymentPostprocessing = 0;
		};
		7357AB991FBC1D4C00CC7994 /* Resources */ = {
			isa = PBXResourcesBuildPhase;
			buildActionMask = 2147483647;
			files = (
			);
			runOnlyForDeploymentPostprocessing = 0;
		};
		7357ABA41FBC1D4C00CC7994 /* Resources */ = {
			isa = PBXResourcesBuildPhase;
			buildActionMask = 2147483647;
			files = (
			);
			runOnlyForDeploymentPostprocessing = 0;
		};
/* End PBXResourcesBuildPhase section */

/* Begin PBXShellScriptBuildPhase section */
		05851E81A76564450748D211 /* [CP] Embed Pods Frameworks */ = {
			isa = PBXShellScriptBuildPhase;
			buildActionMask = 2147483647;
			files = (
			);
			inputPaths = (
			);
			name = "[CP] Embed Pods Frameworks";
			outputPaths = (
			);
			runOnlyForDeploymentPostprocessing = 0;
			shellPath = /bin/sh;
			shellScript = "\"${SRCROOT}/Pods/Target Support Files/Pods-YYTemplateProgram/Pods-YYTemplateProgram-frameworks.sh\"\n";
			showEnvVarsInLog = 0;
		};
		7C94D4EA52E5BF99B1730244 /* [CP] Copy Pods Resources */ = {
			isa = PBXShellScriptBuildPhase;
			buildActionMask = 2147483647;
			files = (
			);
			inputPaths = (
			);
			name = "[CP] Copy Pods Resources";
			outputPaths = (
			);
			runOnlyForDeploymentPostprocessing = 0;
			shellPath = /bin/sh;
			shellScript = "\"${SRCROOT}/Pods/Target Support Files/Pods-YYTemplateProgram/Pods-YYTemplateProgram-resources.sh\"\n";
			showEnvVarsInLog = 0;
		};
		DA6B3372F6C17D026CF75C22 /* [CP] Check Pods Manifest.lock */ = {
			isa = PBXShellScriptBuildPhase;
			buildActionMask = 2147483647;
			files = (
			);
			inputPaths = (
				"${PODS_PODFILE_DIR_PATH}/Podfile.lock",
				"${PODS_ROOT}/Manifest.lock",
			);
			name = "[CP] Check Pods Manifest.lock";
			outputPaths = (
				"$(DERIVED_FILE_DIR)/Pods-YYTemplateProgram-checkManifestLockResult.txt",
			);
			runOnlyForDeploymentPostprocessing = 0;
			shellPath = /bin/sh;
			shellScript = "diff \"${PODS_PODFILE_DIR_PATH}/Podfile.lock\" \"${PODS_ROOT}/Manifest.lock\" > /dev/null\nif [ $? != 0 ] ; then\n    # print error to STDERR\n    echo \"error: The sandbox is not in sync with the Podfile.lock. Run 'pod install' or update your CocoaPods installation.\" >&2\n    exit 1\nfi\n# This output is used by Xcode 'outputs' to avoid re-running this script phase.\necho \"SUCCESS\" > \"${SCRIPT_OUTPUT_FILE_0}\"\n";
			showEnvVarsInLog = 0;
		};
/* End PBXShellScriptBuildPhase section */

/* Begin PBXSourcesBuildPhase section */
		7357AB7F1FBC1D4C00CC7994 /* Sources */ = {
			isa = PBXSourcesBuildPhase;
			buildActionMask = 2147483647;
			files = (
				7357AB8B1FBC1D4C00CC7994 /* ViewController.m in Sources */,
				7320F0E11FBD3FAF00C34BAD /* YYMineViewController.m in Sources */,
				7320F0CF1FBC295E00C34BAD /* YYTabBarController.m in Sources */,
				7357ABCA1FBC21D700CC7994 /* NotificationNames.m in Sources */,
				7320F0D61FBC2FA600C34BAD /* YYHomeViewController.m in Sources */,
				7320F0D21FBC298400C34BAD /* YYTabBar.m in Sources */,
				7357ABC11FBC207100CC7994 /* BaseViewController.m in Sources */,
				7357AB961FBC1D4C00CC7994 /* main.m in Sources */,
				7320F0EB1FBD453300C34BAD /* NSObject+Runtime.m in Sources */,
				7357ABC41FBC209300CC7994 /* BaseModel.m in Sources */,
				7320F0ED1FBD453300C34BAD /* UIView+Frame.m in Sources */,
				7357AB881FBC1D4C00CC7994 /* AppDelegate.m in Sources */,
				7320F0EC1FBD453300C34BAD /* UIView+CornerRadius.m in Sources */,
				7320F0CC1FBC294800C34BAD /* YYNavigationController.m in Sources */,
			);
			runOnlyForDeploymentPostprocessing = 0;
		};
		7357AB971FBC1D4C00CC7994 /* Sources */ = {
			isa = PBXSourcesBuildPhase;
			buildActionMask = 2147483647;
			files = (
				7357ABA01FBC1D4C00CC7994 /* YYTemplateProgramTests.m in Sources */,
			);
			runOnlyForDeploymentPostprocessing = 0;
		};
		7357ABA21FBC1D4C00CC7994 /* Sources */ = {
			isa = PBXSourcesBuildPhase;
			buildActionMask = 2147483647;
			files = (
				7357ABAB1FBC1D4C00CC7994 /* YYTemplateProgramUITests.m in Sources */,
			);
			runOnlyForDeploymentPostprocessing = 0;
		};
/* End PBXSourcesBuildPhase section */

/* Begin PBXTargetDependency section */
		7357AB9D1FBC1D4C00CC7994 /* PBXTargetDependency */ = {
			isa = PBXTargetDependency;
			target = 7357AB821FBC1D4C00CC7994 /* YYTemplateProgram */;
			targetProxy = 7357AB9C1FBC1D4C00CC7994 /* PBXContainerItemProxy */;
		};
		7357ABA81FBC1D4C00CC7994 /* PBXTargetDependency */ = {
			isa = PBXTargetDependency;
			target = 7357AB821FBC1D4C00CC7994 /* YYTemplateProgram */;
			targetProxy = 7357ABA71FBC1D4C00CC7994 /* PBXContainerItemProxy */;
		};
/* End PBXTargetDependency section */

/* Begin PBXVariantGroup section */
		7357AB911FBC1D4C00CC7994 /* LaunchScreen.storyboard */ = {
			isa = PBXVariantGroup;
			children = (
				7357AB921FBC1D4C00CC7994 /* Base */,
			);
			name = LaunchScreen.storyboard;
			sourceTree = "<group>";
		};
/* End PBXVariantGroup section */

/* Begin XCBuildConfiguration section */
		7357ABAD1FBC1D4C00CC7994 /* Debug */ = {
			isa = XCBuildConfiguration;
			buildSettings = {
				ALWAYS_SEARCH_USER_PATHS = NO;
				CLANG_ANALYZER_NONNULL = YES;
				CLANG_ANALYZER_NUMBER_OBJECT_CONVERSION = YES_AGGRESSIVE;
				CLANG_CXX_LANGUAGE_STANDARD = "gnu++14";
				CLANG_CXX_LIBRARY = "libc++";
				CLANG_ENABLE_MODULES = YES;
				CLANG_ENABLE_OBJC_ARC = YES;
				CLANG_WARN_BLOCK_CAPTURE_AUTORELEASING = YES;
				CLANG_WARN_BOOL_CONVERSION = YES;
				CLANG_WARN_COMMA = YES;
				CLANG_WARN_CONSTANT_CONVERSION = YES;
				CLANG_WARN_DIRECT_OBJC_ISA_USAGE = YES_ERROR;
				CLANG_WARN_DOCUMENTATION_COMMENTS = YES;
				CLANG_WARN_EMPTY_BODY = YES;
				CLANG_WARN_ENUM_CONVERSION = YES;
				CLANG_WARN_INFINITE_RECURSION = YES;
				CLANG_WARN_INT_CONVERSION = YES;
				CLANG_WARN_NON_LITERAL_NULL_CONVERSION = YES;
				CLANG_WARN_OBJC_LITERAL_CONVERSION = YES;
				CLANG_WARN_OBJC_ROOT_CLASS = YES_ERROR;
				CLANG_WARN_RANGE_LOOP_ANALYSIS = YES;
				CLANG_WARN_STRICT_PROTOTYPES = YES;
				CLANG_WARN_SUSPICIOUS_MOVE = YES;
				CLANG_WARN_UNGUARDED_AVAILABILITY = YES_AGGRESSIVE;
				CLANG_WARN_UNREACHABLE_CODE = YES;
				CLANG_WARN__DUPLICATE_METHOD_MATCH = YES;
				CODE_SIGN_IDENTITY = "iPhone Developer";
				COPY_PHASE_STRIP = NO;
				DEBUG_INFORMATION_FORMAT = dwarf;
				ENABLE_STRICT_OBJC_MSGSEND = YES;
				ENABLE_TESTABILITY = YES;
				GCC_C_LANGUAGE_STANDARD = gnu11;
				GCC_DYNAMIC_NO_PIC = NO;
				GCC_NO_COMMON_BLOCKS = YES;
				GCC_OPTIMIZATION_LEVEL = 0;
				GCC_PREPROCESSOR_DEFINITIONS = (
					"DEBUG=1",
					"$(inherited)",
				);
				GCC_WARN_64_TO_32_BIT_CONVERSION = YES;
				GCC_WARN_ABOUT_RETURN_TYPE = YES_ERROR;
				GCC_WARN_UNDECLARED_SELECTOR = YES;
				GCC_WARN_UNINITIALIZED_AUTOS = YES_AGGRESSIVE;
				GCC_WARN_UNUSED_FUNCTION = YES;
				GCC_WARN_UNUSED_VARIABLE = YES;
				IPHONEOS_DEPLOYMENT_TARGET = 11.1;
				MTL_ENABLE_DEBUG_INFO = YES;
				ONLY_ACTIVE_ARCH = YES;
				SDKROOT = iphoneos;
			};
			name = Debug;
		};
		7357ABAE1FBC1D4C00CC7994 /* Release */ = {
			isa = XCBuildConfiguration;
			buildSettings = {
				ALWAYS_SEARCH_USER_PATHS = NO;
				CLANG_ANALYZER_NONNULL = YES;
				CLANG_ANALYZER_NUMBER_OBJECT_CONVERSION = YES_AGGRESSIVE;
				CLANG_CXX_LANGUAGE_STANDARD = "gnu++14";
				CLANG_CXX_LIBRARY = "libc++";
				CLANG_ENABLE_MODULES = YES;
				CLANG_ENABLE_OBJC_ARC = YES;
				CLANG_WARN_BLOCK_CAPTURE_AUTORELEASING = YES;
				CLANG_WARN_BOOL_CONVERSION = YES;
				CLANG_WARN_COMMA = YES;
				CLANG_WARN_CONSTANT_CONVERSION = YES;
				CLANG_WARN_DIRECT_OBJC_ISA_USAGE = YES_ERROR;
				CLANG_WARN_DOCUMENTATION_COMMENTS = YES;
				CLANG_WARN_EMPTY_BODY = YES;
				CLANG_WARN_ENUM_CONVERSION = YES;
				CLANG_WARN_INFINITE_RECURSION = YES;
				CLANG_WARN_INT_CONVERSION = YES;
				CLANG_WARN_NON_LITERAL_NULL_CONVERSION = YES;
				CLANG_WARN_OBJC_LITERAL_CONVERSION = YES;
				CLANG_WARN_OBJC_ROOT_CLASS = YES_ERROR;
				CLANG_WARN_RANGE_LOOP_ANALYSIS = YES;
				CLANG_WARN_STRICT_PROTOTYPES = YES;
				CLANG_WARN_SUSPICIOUS_MOVE = YES;
				CLANG_WARN_UNGUARDED_AVAILABILITY = YES_AGGRESSIVE;
				CLANG_WARN_UNREACHABLE_CODE = YES;
				CLANG_WARN__DUPLICATE_METHOD_MATCH = YES;
				CODE_SIGN_IDENTITY = "iPhone Developer";
				COPY_PHASE_STRIP = NO;
				DEBUG_INFORMATION_FORMAT = "dwarf-with-dsym";
				ENABLE_NS_ASSERTIONS = NO;
				ENABLE_STRICT_OBJC_MSGSEND = YES;
				GCC_C_LANGUAGE_STANDARD = gnu11;
				GCC_NO_COMMON_BLOCKS = YES;
				GCC_WARN_64_TO_32_BIT_CONVERSION = YES;
				GCC_WARN_ABOUT_RETURN_TYPE = YES_ERROR;
				GCC_WARN_UNDECLARED_SELECTOR = YES;
				GCC_WARN_UNINITIALIZED_AUTOS = YES_AGGRESSIVE;
				GCC_WARN_UNUSED_FUNCTION = YES;
				GCC_WARN_UNUSED_VARIABLE = YES;
				IPHONEOS_DEPLOYMENT_TARGET = 11.1;
				MTL_ENABLE_DEBUG_INFO = NO;
				SDKROOT = iphoneos;
				VALIDATE_PRODUCT = YES;
			};
			name = Release;
		};
		7357ABB01FBC1D4C00CC7994 /* Debug */ = {
			isa = XCBuildConfiguration;
			baseConfigurationReference = CC48BD59C20F62DD655A1D3F /* Pods-YYTemplateProgram.debug.xcconfig */;
			buildSettings = {
				ASSETCATALOG_COMPILER_APPICON_NAME = AppIcon;
				CODE_SIGN_STYLE = Automatic;
				DEVELOPMENT_TEAM = TVCP2NCYVZ;
				GCC_PREFIX_HEADER = YYTemplateProgram/Config/YYTemplateProgram.pch;
				INFOPLIST_FILE = YYTemplateProgram/Info.plist;
				IPHONEOS_DEPLOYMENT_TARGET = 8.0;
				LD_RUNPATH_SEARCH_PATHS = "$(inherited) @executable_path/Frameworks";
				PRODUCT_BUNDLE_IDENTIFIER = com.heartware.YYTemplateProgram;
				PRODUCT_NAME = "$(TARGET_NAME)";
				TARGETED_DEVICE_FAMILY = 1;
			};
			name = Debug;
		};
		7357ABB11FBC1D4C00CC7994 /* Release */ = {
			isa = XCBuildConfiguration;
			baseConfigurationReference = 6F184E667C607AA953F26CCA /* Pods-YYTemplateProgram.release.xcconfig */;
			buildSettings = {
				ASSETCATALOG_COMPILER_APPICON_NAME = AppIcon;
				CODE_SIGN_STYLE = Automatic;
				DEVELOPMENT_TEAM = TVCP2NCYVZ;
				GCC_PREFIX_HEADER = YYTemplateProgram/Config/YYTemplateProgram.pch;
				INFOPLIST_FILE = YYTemplateProgram/Info.plist;
				IPHONEOS_DEPLOYMENT_TARGET = 8.0;
				LD_RUNPATH_SEARCH_PATHS = "$(inherited) @executable_path/Frameworks";
				PRODUCT_BUNDLE_IDENTIFIER = com.heartware.YYTemplateProgram;
				PRODUCT_NAME = "$(TARGET_NAME)";
				TARGETED_DEVICE_FAMILY = 1;
			};
			name = Release;
		};
		7357ABB31FBC1D4C00CC7994 /* Debug */ = {
			isa = XCBuildConfiguration;
			buildSettings = {
				BUNDLE_LOADER = "$(TEST_HOST)";
				CODE_SIGN_STYLE = Automatic;
				DEVELOPMENT_TEAM = TVCP2NCYVZ;
				INFOPLIST_FILE = YYTemplateProgramTests/Info.plist;
				LD_RUNPATH_SEARCH_PATHS = "$(inherited) @executable_path/Frameworks @loader_path/Frameworks";
				PRODUCT_BUNDLE_IDENTIFIER = com.heartware.YYTemplateProgramTests;
				PRODUCT_NAME = "$(TARGET_NAME)";
				TARGETED_DEVICE_FAMILY = "1,2";
				TEST_HOST = "$(BUILT_PRODUCTS_DIR)/YYTemplateProgram.app/YYTemplateProgram";
			};
			name = Debug;
		};
		7357ABB41FBC1D4C00CC7994 /* Release */ = {
			isa = XCBuildConfiguration;
			buildSettings = {
				BUNDLE_LOADER = "$(TEST_HOST)";
				CODE_SIGN_STYLE = Automatic;
				DEVELOPMENT_TEAM = TVCP2NCYVZ;
				INFOPLIST_FILE = YYTemplateProgramTests/Info.plist;
				LD_RUNPATH_SEARCH_PATHS = "$(inherited) @executable_path/Frameworks @loader_path/Frameworks";
				PRODUCT_BUNDLE_IDENTIFIER = com.heartware.YYTemplateProgramTests;
				PRODUCT_NAME = "$(TARGET_NAME)";
				TARGETED_DEVICE_FAMILY = "1,2";
				TEST_HOST = "$(BUILT_PRODUCTS_DIR)/YYTemplateProgram.app/YYTemplateProgram";
			};
			name = Release;
		};
		7357ABB61FBC1D4C00CC7994 /* Debug */ = {
			isa = XCBuildConfiguration;
			buildSettings = {
				CODE_SIGN_STYLE = Automatic;
				DEVELOPMENT_TEAM = TVCP2NCYVZ;
				INFOPLIST_FILE = YYTemplateProgramUITests/Info.plist;
				LD_RUNPATH_SEARCH_PATHS = "$(inherited) @executable_path/Frameworks @loader_path/Frameworks";
				PRODUCT_BUNDLE_IDENTIFIER = com.heartware.YYTemplateProgramUITests;
				PRODUCT_NAME = "$(TARGET_NAME)";
				TARGETED_DEVICE_FAMILY = "1,2";
				TEST_TARGET_NAME = YYTemplateProgram;
			};
			name = Debug;
		};
		7357ABB71FBC1D4C00CC7994 /* Release */ = {
			isa = XCBuildConfiguration;
			buildSettings = {
				CODE_SIGN_STYLE = Automatic;
				DEVELOPMENT_TEAM = TVCP2NCYVZ;
				INFOPLIST_FILE = YYTemplateProgramUITests/Info.plist;
				LD_RUNPATH_SEARCH_PATHS = "$(inherited) @executable_path/Frameworks @loader_path/Frameworks";
				PRODUCT_BUNDLE_IDENTIFIER = com.heartware.YYTemplateProgramUITests;
				PRODUCT_NAME = "$(TARGET_NAME)";
				TARGETED_DEVICE_FAMILY = "1,2";
				TEST_TARGET_NAME = YYTemplateProgram;
			};
			name = Release;
		};
/* End XCBuildConfiguration section */

/* Begin XCConfigurationList section */
		7357AB7E1FBC1D4B00CC7994 /* Build configuration list for PBXProject "YYTemplateProgram" */ = {
			isa = XCConfigurationList;
			buildConfigurations = (
				7357ABAD1FBC1D4C00CC7994 /* Debug */,
				7357ABAE1FBC1D4C00CC7994 /* Release */,
			);
			defaultConfigurationIsVisible = 0;
			defaultConfigurationName = Release;
		};
		7357ABAF1FBC1D4C00CC7994 /* Build configuration list for PBXNativeTarget "YYTemplateProgram" */ = {
			isa = XCConfigurationList;
			buildConfigurations = (
				7357ABB01FBC1D4C00CC7994 /* Debug */,
				7357ABB11FBC1D4C00CC7994 /* Release */,
			);
			defaultConfigurationIsVisible = 0;
			defaultConfigurationName = Release;
		};
		7357ABB21FBC1D4C00CC7994 /* Build configuration list for PBXNativeTarget "YYTemplateProgramTests" */ = {
			isa = XCConfigurationList;
			buildConfigurations = (
				7357ABB31FBC1D4C00CC7994 /* Debug */,
				7357ABB41FBC1D4C00CC7994 /* Release */,
			);
			defaultConfigurationIsVisible = 0;
			defaultConfigurationName = Release;
		};
		7357ABB51FBC1D4C00CC7994 /* Build configuration list for PBXNativeTarget "YYTemplateProgramUITests" */ = {
			isa = XCConfigurationList;
			buildConfigurations = (
				7357ABB61FBC1D4C00CC7994 /* Debug */,
				7357ABB71FBC1D4C00CC7994 /* Release */,
			);
			defaultConfigurationIsVisible = 0;
			defaultConfigurationName = Release;
		};
/* End XCConfigurationList section */
	};
	rootObject = 7357AB7B1FBC1D4B00CC7994 /* Project object */;
}
